
Microsoft Visual Studio Solution File, Format Version 12.00
# Visual Studio Version 17
VisualStudioVersion = 17.9.34616.47
MinimumVisualStudioVersion = 10.0.40219.1
Project("{FAE04EC0-301F-11D3-BF4B-00C04F79EFBC}") = "Villa.WebUI", "Villa.WebUI\Villa.WebUI.csproj", "{338C7E44-37F3-4D51-A294-C069B5A642F2}"
EndProject
Project("{FAE04EC0-301F-11D3-BF4B-00C04F79EFBC}") = "Villa.Entity", "Villa.EntityLayer\Villa.Entity.csproj", "{4B51CDAD-D408-4E15-A730-2AFF5F29F52A}"
EndProject
Project("{FAE04EC0-301F-11D3-BF4B-00C04F79EFBC}") = "Villa.DataAccess", "Villa.DataAccess\Villa.DataAccess.csproj", "{758C5F8A-6563-41CF-82D9-C255B0C03E70}"
EndProject
Project("{FAE04EC0-301F-11D3-BF4B-00C04F79EFBC}") = "Villa.Business", "Villa.Business\Villa.Business.csproj", "{AC5DC3EB-591F-43AB-8898-A72146FB0CD6}"
EndProject
Project("{FAE04EC0-301F-11D3-BF4B-00C04F79EFBC}") = "Villa.Dto", "Villa.Dto\Villa.Dto.csproj", "{9D5955BF-4AFB-48BE-B51D-EF26F751B1E1}"
EndProject
Global
	GlobalSection(SolutionConfigurationPlatforms) = preSolution
		Debug|Any CPU = Debug|Any CPU
		Release|Any CPU = Release|Any CPU
	EndGlobalSection
	GlobalSection(ProjectConfigurationPlatforms) = postSolution
		{338C7E44-37F3-4D51-A294-C069B5A642F2}.Debug|Any CPU.ActiveCfg = Debug|Any CPU
		{338C7E44-37F3-4D51-A294-C069B5A642F2}.Debug|Any CPU.Build.0 = Debug|Any CPU
		{338C7E44-37F3-4D51-A294-C069B5A642F2}.Release|Any CPU.ActiveCfg = Release|Any CPU
		{338C7E44-37F3-4D51-A294-C069B5A642F2}.Release|Any CPU.Build.0 = Release|Any CPU
		{4B51CDAD-D408-4E15-A730-2AFF5F29F52A}.Debug|Any CPU.ActiveCfg = Debug|Any CPU
		{4B51CDAD-D408-4E15-A730-2AFF5F29F52A}.Debug|Any CPU.Build.0 = Debug|Any CPU
		{4B51CDAD-D408-4E15-A730-2AFF5F29F52A}.Release|Any CPU.ActiveCfg = Release|Any CPU
		{4B51CDAD-D408-4E15-A730-2AFF5F29F52A}.Release|Any CPU.Build.0 = Release|Any CPU
		{758C5F8A-6563-41CF-82D9-C255B0C03E70}.Debug|Any CPU.ActiveCfg = Debug|Any CPU
		{758C5F8A-6563-41CF-82D9-C255B0C03E70}.Debug|Any CPU.Build.0 = Debug|Any CPU
		{758C5F8A-6563-41CF-82D9-C255B0C03E70}.Release|Any CPU.ActiveCfg = Release|Any CPU
		{758C5F8A-6563-41CF-82D9-C255B0C03E70}.Release|Any CPU.Build.0 = Release|Any CPU
		{AC5DC3EB-591F-43AB-8898-A72146FB0CD6}.Debug|Any CPU.ActiveCfg = Debug|Any CPU
		{AC5DC3EB-591F-43AB-8898-A72146FB0CD6}.Debug|Any CPU.Build.0 = Debug|Any CPU
		{AC5DC3EB-591F-43AB-8898-A72146FB0CD6}.Release|Any CPU.ActiveCfg = Release|Any CPU
		{AC5DC3EB-591F-43AB-8898-A72146FB0CD6}.Release|Any CPU.Build.0 = Release|Any CPU
		{9D5955BF-4AFB-48BE-B51D-EF26F751B1E1}.Debug|Any CPU.ActiveCfg = Debug|Any CPU
		{9D5955BF-4AFB-48BE-B51D-EF26F751B1E1}.Debug|Any CPU.Build.0 = Debug|Any CPU
		{9D5955BF-4AFB-48BE-B51D-EF26F751B1E1}.Release|Any CPU.ActiveCfg = Release|Any CPU
		{9D5955BF-4AFB-48BE-B51D-EF26F751B1E1}.Release|Any CPU.Build.0 = Release|Any CPU
	EndGlobalSection
	GlobalSection(SolutionProperties) = preSolution
		HideSolutionNode = FALSE
	EndGlobalSection
	GlobalSection(ExtensibilityGlobals) = postSolution
		SolutionGuid = {3F20A164-9E93-4BA3-A063-C8BD7F765BD4}
	EndGlobalSection
EndGlobal
